// !$*UTF8*$!
{
	archiveVersion = 1;
	classes = {
	};
	objectVersion = 56;
	objects = {

/* Begin PBXBuildFile section */
		89292D262E082A180022FD92 /* main.cpp in Sources */ = {isa = PBXBuildFile; fileRef = 89292D252E082A180022FD92 /* main.cpp */; };
		89292D322E082B2F0022FD92 /* GLUT.framework in Frameworks */ = {isa = PBXBuildFile; fileRef = 89292D312E082B2F0022FD92 /* GLUT.framework */; };
		89292D342E082B380022FD92 /* OpenGL.framework in Frameworks */ = {isa = PBXBuildFile; fileRef = 89292D332E082B380022FD92 /* OpenGL.framework */; };
		89292D362E082C190022FD92 /* CoreFoundation.framework in Frameworks */ = {isa = PBXBuildFile; fileRef = 89292D352E082C190022FD92 /* CoreFoundation.framework */; };
		89292D5D2E08381B0022FD92 /* assets in CopyFiles */ = {isa = PBXBuildFile; fileRef = 89292D5C2E0838140022FD92 /* assets */; };
/* End PBXBuildFile section */

/* Begin PBXCopyFilesBuildPhase section */
		89292D202E082A180022FD92 /* CopyFiles */ = {
			isa = PBXCopyFilesBuildPhase;
			buildActionMask = 12;
			dstPath = "";
			dstSubfolderSpec = 16;
			files = (
				89292D5D2E08381B0022FD92 /* assets in CopyFiles */,
			);
			runOnlyForDeploymentPostprocessing = 0;
		};
/* End PBXCopyFilesBuildPhase section */

/* Begin PBXFileReference section */
		89292D222E082A180022FD92 /* PGEMob3DMountains_MacOS */ = {isa = PBXFileReference; explicitFileType = "compiled.mach-o.executable"; includeInIndex = 0; path = PGEMob3DMountains_MacOS; sourceTree = BUILT_PRODUCTS_DIR; };
		89292D252E082A180022FD92 /* main.cpp */ = {isa = PBXFileReference; lastKnownFileType = sourcecode.cpp.cpp; path = main.cpp; sourceTree = "<group>"; };
		89292D2C2E082A570022FD92 /* olcPixelGameEngine.h */ = {isa = PBXFileReference; lastKnownFileType = sourcecode.c.h; path = olcPixelGameEngine.h; sourceTree = "<group>"; };
		89292D2D2E082A6D0022FD92 /* stb_image.h */ = {isa = PBXFileReference; lastKnownFileType = sourcecode.c.h; path = stb_image.h; sourceTree = "<group>"; };
		89292D2F2E082AC40022FD92 /* olcUTIL_Hardware3D.h */ = {isa = PBXFileReference; lastKnownFileType = sourcecode.c.h; path = olcUTIL_Hardware3D.h; sourceTree = "<group>"; };
		89292D312E082B2F0022FD92 /* GLUT.framework */ = {isa = PBXFileReference; lastKnownFileType = wrapper.framework; name = GLUT.framework; path = System/Library/Frameworks/GLUT.framework; sourceTree = SDKROOT; };
		89292D332E082B380022FD92 /* OpenGL.framework */ = {isa = PBXFileReference; lastKnownFileType = wrapper.framework; name = OpenGL.framework; path = System/Library/Frameworks/OpenGL.framework; sourceTree = SDKROOT; };
		89292D352E082C190022FD92 /* CoreFoundation.framework */ = {isa = PBXFileReference; lastKnownFileType = wrapper.framework; name = CoreFoundation.framework; path = System/Library/Frameworks/CoreFoundation.framework; sourceTree = SDKROOT; };
		89292D5C2E0838140022FD92 /* assets */ = {isa = PBXFileReference; lastKnownFileType = folder; path = assets; sourceTree = "<group>"; };
/* End PBXFileReference section */

/* Begin PBXFrameworksBuildPhase section */
		89292D1F2E082A180022FD92 /* Frameworks */ = {
			isa = PBXFrameworksBuildPhase;
			buildActionMask = 2147483647;
			files = (
				89292D322E082B2F0022FD92 /* GLUT.framework in Frameworks */,
				89292D342E082B380022FD92 /* OpenGL.framework in Frameworks */,
				89292D362E082C190022FD92 /* CoreFoundation.framework in Frameworks */,
			);
			runOnlyForDeploymentPostprocessing = 0;
		};
/* End PBXFrameworksBuildPhase section */

/* Begin PBXGroup section */
		89292D192E082A180022FD92 = {
			isa = PBXGroup;
			children = (
				89292D5C2E0838140022FD92 /* assets */,
				89292D242E082A180022FD92 /* PGEMob3DMountains_MacOS */,
				89292D232E082A180022FD92 /* Products */,
				89292D302E082B2F0022FD92 /* Frameworks */,
			);
			sourceTree = "<group>";
		};
		89292D232E082A180022FD92 /* Products */ = {
			isa = PBXGroup;
			children = (
				89292D222E082A180022FD92 /* PGEMob3DMountains_MacOS */,
			);
			name = Products;
			sourceTree = "<group>";
		};
		89292D242E082A180022FD92 /* PGEMob3DMountains_MacOS */ = {
			isa = PBXGroup;
			children = (
				89292D252E082A180022FD92 /* main.cpp */,
				89292D2C2E082A570022FD92 /* olcPixelGameEngine.h */,
				89292D2D2E082A6D0022FD92 /* stb_image.h */,
				89292D2F2E082AC40022FD92 /* olcUTIL_Hardware3D.h */,
			);
			path = PGEMob3DMountains_MacOS;
			sourceTree = "<group>";
		};
		89292D302E082B2F0022FD92 /* Frameworks */ = {
			isa = PBXGroup;
			children = (
				89292D352E082C190022FD92 /* CoreFoundation.framework */,
				89292D332E082B380022FD92 /* OpenGL.framework */,
				89292D312E082B2F0022FD92 /* GLUT.framework */,
			);
			name = Frameworks;
			sourceTree = "<group>";
		};
/* End PBXGroup section */

/* Begin PBXNativeTarget section */
		89292D212E082A180022FD92 /* PGEMob3DMountains_MacOS */ = {
			isa = PBXNativeTarget;
			buildConfigurationList = 89292D292E082A180022FD92 /* Build configuration list for PBXNativeTarget "PGEMob3DMountains_MacOS" */;
			buildPhases = (
				89292D1E2E082A180022FD92 /* Sources */,
				89292D1F2E082A180022FD92 /* Frameworks */,
				89292D202E082A180022FD92 /* CopyFiles */,
			);
			buildRules = (
			);
			dependencies = (
			);
			name = PGEMob3DMountains_MacOS;
			productName = PGEMob3DMountains_MacOS;
			productReference = 89292D222E082A180022FD92 /* PGEMob3DMountains_MacOS */;
			productType = "com.apple.product-type.tool";
		};
/* End PBXNativeTarget section */

/* Begin PBXProject section */
		89292D1A2E082A180022FD92 /* Project object */ = {
			isa = PBXProject;
			attributes = {
				BuildIndependentTargetsInParallel = 1;
				LastUpgradeCheck = 1430;
				TargetAttributes = {
					89292D212E082A180022FD92 = {
						CreatedOnToolsVersion = 14.3.1;
					};
				};
			};
			buildConfigurationList = 89292D1D2E082A180022FD92 /* Build configuration list for PBXProject "PGEMob3DMountains_MacOS" */;
			compatibilityVersion = "Xcode 14.0";
			developmentRegion = en;
			hasScannedForEncodings = 0;
			knownRegions = (
				en,
				Base,
			);
			mainGroup = 89292D192E082A180022FD92;
			productRefGroup = 89292D232E082A180022FD92 /* Products */;
			projectDirPath = "";
			projectRoot = "";
			targets = (
				89292D212E082A180022FD92 /* PGEMob3DMountains_MacOS */,
			);
		};
/* End PBXProject section */

/* Begin PBXSourcesBuildPhase section */
		89292D1E2E082A180022FD92 /* Sources */ = {
			isa = PBXSourcesBuildPhase;
			buildActionMask = 2147483647;
			files = (
				89292D262E082A180022FD92 /* main.cpp in Sources */,
			);
			runOnlyForDeploymentPostprocessing = 0;
		};
/* End PBXSourcesBuildPhase section */

/* Begin XCBuildConfiguration section */
		89292D272E082A180022FD92 /* Debug */ = {
			isa = XCBuildConfiguration;
			buildSettings = {
				ALWAYS_SEARCH_USER_PATHS = NO;
				CLANG_ANALYZER_NONNULL = YES;
				CLANG_ANALYZER_NUMBER_OBJECT_CONVERSION = YES_AGGRESSIVE;
				CLANG_CXX_LANGUAGE_STANDARD = "gnu++20";
				CLANG_ENABLE_MODULES = YES;
				CLANG_ENABLE_OBJC_ARC = YES;
				CLANG_ENABLE_OBJC_WEAK = YES;
				CLANG_WARN_BLOCK_CAPTURE_AUTORELEASING = YES;
				CLANG_WARN_BOOL_CONVERSION = YES;
				CLANG_WARN_COMMA = YES;
				CLANG_WARN_CONSTANT_CONVERSION = YES;
				CLANG_WARN_DEPRECATED_OBJC_IMPLEMENTATIONS = YES;
				CLANG_WARN_DIRECT_OBJC_ISA_USAGE = YES_ERROR;
				CLANG_WARN_DOCUMENTATION_COMMENTS = YES;
				CLANG_WARN_EMPTY_BODY = YES;
				CLANG_WARN_ENUM_CONVERSION = YES;
				CLANG_WARN_INFINITE_RECURSION = YES;
				CLANG_WARN_INT_CONVERSION = YES;
				CLANG_WARN_NON_LITERAL_NULL_CONVERSION = YES;
				CLANG_WARN_OBJC_IMPLICIT_RETAIN_SELF = YES;
				CLANG_WARN_OBJC_LITERAL_CONVERSION = YES;
				CLANG_WARN_OBJC_ROOT_CLASS = YES_ERROR;
				CLANG_WARN_QUOTED_INCLUDE_IN_FRAMEWORK_HEADER = YES;
				CLANG_WARN_RANGE_LOOP_ANALYSIS = YES;
				CLANG_WARN_STRICT_PROTOTYPES = YES;
				CLANG_WARN_SUSPICIOUS_MOVE = YES;
				CLANG_WARN_UNGUARDED_AVAILABILITY = YES_AGGRESSIVE;
				CLANG_WARN_UNREACHABLE_CODE = YES;
				CLANG_WARN__DUPLICATE_METHOD_MATCH = YES;
				COPY_PHASE_STRIP = NO;
				DEBUG_INFORMATION_FORMAT = dwarf;
				ENABLE_STRICT_OBJC_MSGSEND = YES;
				ENABLE_TESTABILITY = YES;
				GCC_C_LANGUAGE_STANDARD = gnu11;
				GCC_DYNAMIC_NO_PIC = NO;
				GCC_NO_COMMON_BLOCKS = YES;
				GCC_OPTIMIZATION_LEVEL = 0;
				GCC_PREPROCESSOR_DEFINITIONS = (
					"DEBUG=1",
					"$(inherited)",
				);
				GCC_WARN_64_TO_32_BIT_CONVERSION = YES;
				GCC_WARN_ABOUT_RETURN_TYPE = YES_ERROR;
				GCC_WARN_UNDECLARED_SELECTOR = YES;
				GCC_WARN_UNINITIALIZED_AUTOS = YES_AGGRESSIVE;
				GCC_WARN_UNUSED_FUNCTION = YES;
				GCC_WARN_UNUSED_VARIABLE = YES;
				MACOSX_DEPLOYMENT_TARGET = 13.3;
				MTL_ENABLE_DEBUG_INFO = INCLUDE_SOURCE;
				MTL_FAST_MATH = YES;
				ONLY_ACTIVE_ARCH = YES;
				SDKROOT = macosx;
			};
			name = Debug;
		};
		89292D282E082A180022FD92 /* Release */ = {
			isa = XCBuildConfiguration;
			buildSettings = {
				ALWAYS_SEARCH_USER_PATHS = NO;
				CLANG_ANALYZER_NONNULL = YES;
				CLANG_ANALYZER_NUMBER_OBJECT_CONVERSION = YES_AGGRESSIVE;
				CLANG_CXX_LANGUAGE_STANDARD = "gnu++20";
				CLANG_ENABLE_MODULES = YES;
				CLANG_ENABLE_OBJC_ARC = YES;
				CLANG_ENABLE_OBJC_WEAK = YES;
				CLANG_WARN_BLOCK_CAPTURE_AUTORELEASING = YES;
				CLANG_WARN_BOOL_CONVERSION = YES;
				CLANG_WARN_COMMA = YES;
				CLANG_WARN_CONSTANT_CONVERSION = YES;
				CLANG_WARN_DEPRECATED_OBJC_IMPLEMENTATIONS = YES;
				CLANG_WARN_DIRECT_OBJC_ISA_USAGE = YES_ERROR;
				CLANG_WARN_DOCUMENTATION_COMMENTS = YES;
				CLANG_WARN_EMPTY_BODY = YES;
				CLANG_WARN_ENUM_CONVERSION = YES;
				CLANG_WARN_INFINITE_RECURSION = YES;
				CLANG_WARN_INT_CONVERSION = YES;
				CLANG_WARN_NON_LITERAL_NULL_CONVERSION = YES;
				CLANG_WARN_OBJC_IMPLICIT_RETAIN_SELF = YES;
				CLANG_WARN_OBJC_LITERAL_CONVERSION = YES;
				CLANG_WARN_OBJC_ROOT_CLASS = YES_ERROR;
				CLANG_WARN_QUOTED_INCLUDE_IN_FRAMEWORK_HEADER = YES;
				CLANG_WARN_RANGE_LOOP_ANALYSIS = YES;
				CLANG_WARN_STRICT_PROTOTYPES = YES;
				CLANG_WARN_SUSPICIOUS_MOVE = YES;
				CLANG_WARN_UNGUARDED_AVAILABILITY = YES_AGGRESSIVE;
				CLANG_WARN_UNREACHABLE_CODE = YES;
				CLANG_WARN__DUPLICATE_METHOD_MATCH = YES;
				COPY_PHASE_STRIP = NO;
				DEBUG_INFORMATION_FORMAT = "dwarf-with-dsym";
				ENABLE_NS_ASSERTIONS = NO;
				ENABLE_STRICT_OBJC_MSGSEND = YES;
				GCC_C_LANGUAGE_STANDARD = gnu11;
				GCC_NO_COMMON_BLOCKS = YES;
				GCC_WARN_64_TO_32_BIT_CONVERSION = YES;
				GCC_WARN_ABOUT_RETURN_TYPE = YES_ERROR;
				GCC_WARN_UNDECLARED_SELECTOR = YES;
				GCC_WARN_UNINITIALIZED_AUTOS = YES_AGGRESSIVE;
				GCC_WARN_UNUSED_FUNCTION = YES;
				GCC_WARN_UNUSED_VARIABLE = YES;
				MACOSX_DEPLOYMENT_TARGET = 13.3;
				MTL_ENABLE_DEBUG_INFO = NO;
				MTL_FAST_MATH = YES;
				SDKROOT = macosx;
			};
			name = Release;
		};
		89292D2A2E082A180022FD92 /* Debug */ = {
			isa = XCBuildConfiguration;
			buildSettings = {
				CODE_SIGN_STYLE = Automatic;
				DEVELOPMENT_TEAM = "";
				ENABLE_HARDENED_RUNTIME = YES;
				PRODUCT_NAME = "$(TARGET_NAME)";
			};
			name = Debug;
		};
		89292D2B2E082A180022FD92 /* Release */ = {
			isa = XCBuildConfiguration;
			buildSettings = {
				CODE_SIGN_STYLE = Automatic;
				DEVELOPMENT_TEAM = "";
				ENABLE_HARDENED_RUNTIME = YES;
				PRODUCT_NAME = "$(TARGET_NAME)";
			};
			name = Release;
		};
/* End XCBuildConfiguration section */

/* Begin XCConfigurationList section */
		89292D1D2E082A180022FD92 /* Build configuration list for PBXProject "PGEMob3DMountains_MacOS" */ = {
			isa = XCConfigurationList;
			buildConfigurations = (
				89292D272E082A180022FD92 /* Debug */,
				89292D282E082A180022FD92 /* Release */,
			);
			defaultConfigurationIsVisible = 0;
			defaultConfigurationName = Release;
		};
		89292D292E082A180022FD92 /* Build configuration list for PBXNativeTarget "PGEMob3DMountains_MacOS" */ = {
			isa = XCConfigurationList;
			buildConfigurations = (
				89292D2A2E082A180022FD92 /* Debug */,
				89292D2B2E082A180022FD92 /* Release */,
			);
			defaultConfigurationIsVisible = 0;
			defaultConfigurationName = Release;
		};
/* End XCConfigurationList section */
	};
	rootObject = 89292D1A2E082A180022FD92 /* Project object */;
}
